
Microsoft Visual Studio Solution File, Format Version 12.00
# Visual Studio Version 16
VisualStudioVersion = 16.0.30517.126
MinimumVisualStudioVersion = 10.0.40219.1
Project("{FAE04EC0-301F-11D3-BF4B-00C04F79EFBC}") = "Week13-Test", "Week13-Test\Week13-Test.csproj", "{2EE638D0-5023-4E8B-8F41-51B8DE019A7E}"
EndProject
Project("{FAE04EC0-301F-11D3-BF4B-00C04F79EFBC}") = "Ylesanne2", "Ylesanne2\Ylesanne2.csproj", "{A5D55AAC-7FF9-4946-B6E1-F2A6A037EE08}"
EndProject
Project("{FAE04EC0-301F-11D3-BF4B-00C04F79EFBC}") = "Ylesanne3", "Ylesanne3\Ylesanne3.csproj", "{F14C1FE2-BCE3-43F8-AE89-1CDAE9ED13DF}"
EndProject
Project("{FAE04EC0-301F-11D3-BF4B-00C04F79EFBC}") = "Ylesanne4", "Ylesanne4\Ylesanne4.csproj", "{EDD4DFF2-F25F-491A-B2CD-10D43BF183A9}"
EndProject
Project("{FAE04EC0-301F-11D3-BF4B-00C04F79EFBC}") = "Ylesanne5", "Ylesanne5\Ylesanne5.csproj", "{7B1FDC9D-7E58-4AD6-9CD0-28F3E1698F6B}"
EndProject
Global
	GlobalSection(SolutionConfigurationPlatforms) = preSolution
		Debug|Any CPU = Debug|Any CPU
		Release|Any CPU = Release|Any CPU
	EndGlobalSection
	GlobalSection(ProjectConfigurationPlatforms) = postSolution
		{2EE638D0-5023-4E8B-8F41-51B8DE019A7E}.Debug|Any CPU.ActiveCfg = Debug|Any CPU
		{2EE638D0-5023-4E8B-8F41-51B8DE019A7E}.Debug|Any CPU.Build.0 = Debug|Any CPU
		{2EE638D0-5023-4E8B-8F41-51B8DE019A7E}.Release|Any CPU.ActiveCfg = Release|Any CPU
		{2EE638D0-5023-4E8B-8F41-51B8DE019A7E}.Release|Any CPU.Build.0 = Release|Any CPU
		{A5D55AAC-7FF9-4946-B6E1-F2A6A037EE08}.Debug|Any CPU.ActiveCfg = Debug|Any CPU
		{A5D55AAC-7FF9-4946-B6E1-F2A6A037EE08}.Debug|Any CPU.Build.0 = Debug|Any CPU
		{A5D55AAC-7FF9-4946-B6E1-F2A6A037EE08}.Release|Any CPU.ActiveCfg = Release|Any CPU
		{A5D55AAC-7FF9-4946-B6E1-F2A6A037EE08}.Release|Any CPU.Build.0 = Release|Any CPU
		{F14C1FE2-BCE3-43F8-AE89-1CDAE9ED13DF}.Debug|Any CPU.ActiveCfg = Debug|Any CPU
		{F14C1FE2-BCE3-43F8-AE89-1CDAE9ED13DF}.Debug|Any CPU.Build.0 = Debug|Any CPU
		{F14C1FE2-BCE3-43F8-AE89-1CDAE9ED13DF}.Release|Any CPU.ActiveCfg = Release|Any CPU
		{F14C1FE2-BCE3-43F8-AE89-1CDAE9ED13DF}.Release|Any CPU.Build.0 = Release|Any CPU
		{EDD4DFF2-F25F-491A-B2CD-10D43BF183A9}.Debug|Any CPU.ActiveCfg = Debug|Any CPU
		{EDD4DFF2-F25F-491A-B2CD-10D43BF183A9}.Debug|Any CPU.Build.0 = Debug|Any CPU
		{EDD4DFF2-F25F-491A-B2CD-10D43BF183A9}.Release|Any CPU.ActiveCfg = Release|Any CPU
		{EDD4DFF2-F25F-491A-B2CD-10D43BF183A9}.Release|Any CPU.Build.0 = Release|Any CPU
		{7B1FDC9D-7E58-4AD6-9CD0-28F3E1698F6B}.Debug|Any CPU.ActiveCfg = Debug|Any CPU
		{7B1FDC9D-7E58-4AD6-9CD0-28F3E1698F6B}.Debug|Any CPU.Build.0 = Debug|Any CPU
		{7B1FDC9D-7E58-4AD6-9CD0-28F3E1698F6B}.Release|Any CPU.ActiveCfg = Release|Any CPU
		{7B1FDC9D-7E58-4AD6-9CD0-28F3E1698F6B}.Release|Any CPU.Build.0 = Release|Any CPU
	EndGlobalSection
	GlobalSection(SolutionProperties) = preSolution
		HideSolutionNode = FALSE
	EndGlobalSection
	GlobalSection(ExtensibilityGlobals) = postSolution
		SolutionGuid = {AA5F1F00-6E32-47DA-9651-497A99C9F18A}
	EndGlobalSection
EndGlobal
